
Microsoft Visual Studio Solution File, Format Version 12.00
# Visual Studio 2012
Project("{FAE04EC0-301F-11D3-BF4B-00C04F79EFBC}") = "ContestHelper", "ContestHelper\ContestHelper.csproj", "{0D3001A9-BD50-4060-8882-F580852F2F96}"
EndProject
Global
	GlobalSection(SolutionConfigurationPlatforms) = preSolution
		Debug|Any CPU = Debug|Any CPU
		Release|Any CPU = Release|Any CPU
	EndGlobalSection
	GlobalSection(ProjectConfigurationPlatforms) = postSolution
		{0D3001A9-BD50-4060-8882-F580852F2F96}.Debug|Any CPU.ActiveCfg = Debug|Any CPU
		{0D3001A9-BD50-4060-8882-F580852F2F96}.Debug|Any CPU.Build.0 = Debug|Any CPU
		{0D3001A9-BD50-4060-8882-F580852F2F96}.Release|Any CPU.ActiveCfg = Release|Any CPU
		{0D3001A9-BD50-4060-8882-F580852F2F96}.Release|Any CPU.Build.0 = Release|Any CPU
	EndGlobalSection
	GlobalSection(MonoDevelopProperties) = preSolution
		StartupItem = ContestHelper\ContestHelper.csproj
	EndGlobalSection
EndGlobal
